{
  "name": "oyeblikk",
  "version": "0.0.1",
  "lockfileVersion": 1,
  "requires": true,
  "dependencies": {
    "core-js": {
      "version": "2.6.5",
      "resolved": "https://registry.npmjs.org/core-js/-/core-js-2.6.5.tgz",
      "integrity": "sha512-klh/kDpwX8hryYL14M9w/xei6vrv6sE8gTHDG7/T/+SEovB/G4ejwcfE/CBzO6Edsu+OETZMZ3wcX/EjUkrl5A==",
      "dev": true
    },
    "date-fns": {
      "version": "2.0.0-alpha.27",
      "resolved": "https://registry.npmjs.org/date-fns/-/date-fns-2.0.0-alpha.27.tgz",
      "integrity": "sha512-cqfVLS+346P/Mpj2RpDrBv0P4p2zZhWWvfY5fuWrXNR/K38HaAGEkeOwb47hIpQP9Jr/TIxjZ2/sNMQwdXuGMg=="
    }
  }
}
